// !$*UTF8*$!
{
	archiveVersion = 1;
	classes = {
	};
	objectVersion = 56;
	objects = {

/* Begin PBXBuildFile section */
		5D1C089B29BFD435003B1FD9 /* simulator.c in Sources */ = {isa = PBXBuildFile; fileRef = 5D1C089A29BFD435003B1FD9 /* simulator.c */; };
		5D51F28B29BD1AA300DA73DA /* Makefile in Sources */ = {isa = PBXBuildFile; fileRef = 5D51F28729BD1AA300DA73DA /* Makefile */; };
/* End PBXBuildFile section */

/* Begin PBXCopyFilesBuildPhase section */
		5D51F27B29BD196700DA73DA /* CopyFiles */ = {
			isa = PBXCopyFilesBuildPhase;
			buildActionMask = 2147483647;
			dstPath = /usr/share/man/man1/;
			dstSubfolderSpec = 0;
			files = (
			);
			runOnlyForDeploymentPostprocessing = 1;
		};
/* End PBXCopyFilesBuildPhase section */

/* Begin PBXFileReference section */
		5D1C089629BF9B33003B1FD9 /* checkpoint_test.out.correct */ = {isa = PBXFileReference; lastKnownFileType = text; path = checkpoint_test.out.correct; sourceTree = "<group>"; };
		5D1C089929BF9D57003B1FD9 /* checkpoint_test.mc */ = {isa = PBXFileReference; lastKnownFileType = text; path = checkpoint_test.mc; sourceTree = "<group>"; };
		5D1C089A29BFD435003B1FD9 /* simulator.c */ = {isa = PBXFileReference; fileEncoding = 4; lastKnownFileType = sourcecode.c.c; path = simulator.c; sourceTree = "<group>"; };
		5D51F27D29BD196700DA73DA /* p3 */ = {isa = PBXFileReference; explicitFileType = "compiled.mach-o.executable"; includeInIndex = 0; path = p3; sourceTree = BUILT_PRODUCTS_DIR; };
		5D51F28729BD1AA300DA73DA /* Makefile */ = {isa = PBXFileReference; fileEncoding = 4; lastKnownFileType = sourcecode.make; path = Makefile; sourceTree = "<group>"; };
		5D51F28929BD1AA300DA73DA /* p3spec.out.correct */ = {isa = PBXFileReference; fileEncoding = 4; lastKnownFileType = text; path = p3spec.out.correct; sourceTree = "<group>"; };
		5D51F28D29BD1BB900DA73DA /* p3spec.s */ = {isa = PBXFileReference; fileEncoding = 4; lastKnownFileType = sourcecode.asm; path = p3spec.s; sourceTree = "<group>"; };
		5D86FB2229C3AB2D006910DD /* test1.s */ = {isa = PBXFileReference; lastKnownFileType = sourcecode.asm; path = test1.s; sourceTree = "<group>"; };
		5D86FB2329C3B457006910DD /* test2.s */ = {isa = PBXFileReference; lastKnownFileType = sourcecode.asm; path = test2.s; sourceTree = "<group>"; };
		5D86FB2429C3C6F0006910DD /* test3.s */ = {isa = PBXFileReference; lastKnownFileType = sourcecode.asm; path = test3.s; sourceTree = "<group>"; };
		5D86FB2529C51C8E006910DD /* test4.s */ = {isa = PBXFileReference; lastKnownFileType = sourcecode.asm; path = test4.s; sourceTree = "<group>"; };
		5DD5E4F32AF13F22009D9EA3 /* test5c.md */ = {isa = PBXFileReference; lastKnownFileType = net.daringfireball.markdown; path = test5c.md; sourceTree = "<group>"; };
/* End PBXFileReference section */

/* Begin PBXFrameworksBuildPhase section */
		5D51F27A29BD196700DA73DA /* Frameworks */ = {
			isa = PBXFrameworksBuildPhase;
			buildActionMask = 2147483647;
			files = (
			);
			runOnlyForDeploymentPostprocessing = 0;
		};
/* End PBXFrameworksBuildPhase section */

/* Begin PBXGroup section */
		5D51F27429BD196700DA73DA = {
			isa = PBXGroup;
			children = (
				5DD5E4F32AF13F22009D9EA3 /* test5c.md */,
				5D1C089629BF9B33003B1FD9 /* checkpoint_test.out.correct */,
				5D1C089929BF9D57003B1FD9 /* checkpoint_test.mc */,
				5D1C089A29BFD435003B1FD9 /* simulator.c */,
				5D51F28D29BD1BB900DA73DA /* p3spec.s */,
				5D86FB2229C3AB2D006910DD /* test1.s */,
				5D86FB2329C3B457006910DD /* test2.s */,
				5D86FB2429C3C6F0006910DD /* test3.s */,
				5D86FB2529C51C8E006910DD /* test4.s */,
				5D51F28729BD1AA300DA73DA /* Makefile */,
				5D51F28929BD1AA300DA73DA /* p3spec.out.correct */,
				5D51F27E29BD196700DA73DA /* Products */,
			);
			sourceTree = "<group>";
		};
		5D51F27E29BD196700DA73DA /* Products */ = {
			isa = PBXGroup;
			children = (
				5D51F27D29BD196700DA73DA /* p3 */,
			);
			name = Products;
			sourceTree = "<group>";
		};
/* End PBXGroup section */

/* Begin PBXNativeTarget section */
		5D51F27C29BD196700DA73DA /* p3 */ = {
			isa = PBXNativeTarget;
			buildConfigurationList = 5D51F28429BD196700DA73DA /* Build configuration list for PBXNativeTarget "p3" */;
			buildPhases = (
				5D51F27929BD196700DA73DA /* Sources */,
				5D51F27A29BD196700DA73DA /* Frameworks */,
				5D51F27B29BD196700DA73DA /* CopyFiles */,
			);
			buildRules = (
			);
			dependencies = (
			);
			name = p3;
			productName = p3;
			productReference = 5D51F27D29BD196700DA73DA /* p3 */;
			productType = "com.apple.product-type.tool";
		};
/* End PBXNativeTarget section */

/* Begin PBXProject section */
		5D51F27529BD196700DA73DA /* Project object */ = {
			isa = PBXProject;
			attributes = {
				BuildIndependentTargetsInParallel = 1;
				LastUpgradeCheck = 1420;
				TargetAttributes = {
					5D51F27C29BD196700DA73DA = {
						CreatedOnToolsVersion = 14.2;
					};
				};
			};
			buildConfigurationList = 5D51F27829BD196700DA73DA /* Build configuration list for PBXProject "p3" */;
			compatibilityVersion = "Xcode 14.0";
			developmentRegion = en;
			hasScannedForEncodings = 0;
			knownRegions = (
				en,
				Base,
			);
			mainGroup = 5D51F27429BD196700DA73DA;
			productRefGroup = 5D51F27E29BD196700DA73DA /* Products */;
			projectDirPath = "";
			projectRoot = "";
			targets = (
				5D51F27C29BD196700DA73DA /* p3 */,
			);
		};
/* End PBXProject section */

/* Begin PBXSourcesBuildPhase section */
		5D51F27929BD196700DA73DA /* Sources */ = {
			isa = PBXSourcesBuildPhase;
			buildActionMask = 2147483647;
			files = (
				5D1C089B29BFD435003B1FD9 /* simulator.c in Sources */,
				5D51F28B29BD1AA300DA73DA /* Makefile in Sources */,
			);
			runOnlyForDeploymentPostprocessing = 0;
		};
/* End PBXSourcesBuildPhase section */

/* Begin XCBuildConfiguration section */
		5D51F28229BD196700DA73DA /* Debug */ = {
			isa = XCBuildConfiguration;
			buildSettings = {
				ALWAYS_SEARCH_USER_PATHS = NO;
				CLANG_ANALYZER_NONNULL = YES;
				CLANG_ANALYZER_NUMBER_OBJECT_CONVERSION = YES_AGGRESSIVE;
				CLANG_CXX_LANGUAGE_STANDARD = "gnu++20";
				CLANG_ENABLE_MODULES = YES;
				CLANG_ENABLE_OBJC_ARC = YES;
				CLANG_ENABLE_OBJC_WEAK = YES;
				CLANG_WARN_BLOCK_CAPTURE_AUTORELEASING = YES;
				CLANG_WARN_BOOL_CONVERSION = YES;
				CLANG_WARN_COMMA = YES;
				CLANG_WARN_CONSTANT_CONVERSION = YES;
				CLANG_WARN_DEPRECATED_OBJC_IMPLEMENTATIONS = YES;
				CLANG_WARN_DIRECT_OBJC_ISA_USAGE = YES_ERROR;
				CLANG_WARN_DOCUMENTATION_COMMENTS = YES;
				CLANG_WARN_EMPTY_BODY = YES;
				CLANG_WARN_ENUM_CONVERSION = YES;
				CLANG_WARN_INFINITE_RECURSION = YES;
				CLANG_WARN_INT_CONVERSION = YES;
				CLANG_WARN_NON_LITERAL_NULL_CONVERSION = YES;
				CLANG_WARN_OBJC_IMPLICIT_RETAIN_SELF = YES;
				CLANG_WARN_OBJC_LITERAL_CONVERSION = YES;
				CLANG_WARN_OBJC_ROOT_CLASS = YES_ERROR;
				CLANG_WARN_QUOTED_INCLUDE_IN_FRAMEWORK_HEADER = YES;
				CLANG_WARN_RANGE_LOOP_ANALYSIS = YES;
				CLANG_WARN_STRICT_PROTOTYPES = YES;
				CLANG_WARN_SUSPICIOUS_MOVE = YES;
				CLANG_WARN_UNGUARDED_AVAILABILITY = YES_AGGRESSIVE;
				CLANG_WARN_UNREACHABLE_CODE = YES;
				CLANG_WARN__DUPLICATE_METHOD_MATCH = YES;
				COPY_PHASE_STRIP = NO;
				DEBUG_INFORMATION_FORMAT = dwarf;
				ENABLE_STRICT_OBJC_MSGSEND = YES;
				ENABLE_TESTABILITY = YES;
				GCC_C_LANGUAGE_STANDARD = gnu11;
				GCC_DYNAMIC_NO_PIC = NO;
				GCC_NO_COMMON_BLOCKS = YES;
				GCC_OPTIMIZATION_LEVEL = 0;
				GCC_PREPROCESSOR_DEFINITIONS = (
					"DEBUG=1",
					"$(inherited)",
				);
				GCC_WARN_64_TO_32_BIT_CONVERSION = YES;
				GCC_WARN_ABOUT_RETURN_TYPE = YES_ERROR;
				GCC_WARN_UNDECLARED_SELECTOR = YES;
				GCC_WARN_UNINITIALIZED_AUTOS = YES_AGGRESSIVE;
				GCC_WARN_UNUSED_FUNCTION = YES;
				GCC_WARN_UNUSED_VARIABLE = YES;
				MACOSX_DEPLOYMENT_TARGET = 12.6;
				MTL_ENABLE_DEBUG_INFO = INCLUDE_SOURCE;
				MTL_FAST_MATH = YES;
				ONLY_ACTIVE_ARCH = YES;
				SDKROOT = macosx;
			};
			name = Debug;
		};
		5D51F28329BD196700DA73DA /* Release */ = {
			isa = XCBuildConfiguration;
			buildSettings = {
				ALWAYS_SEARCH_USER_PATHS = NO;
				CLANG_ANALYZER_NONNULL = YES;
				CLANG_ANALYZER_NUMBER_OBJECT_CONVERSION = YES_AGGRESSIVE;
				CLANG_CXX_LANGUAGE_STANDARD = "gnu++20";
				CLANG_ENABLE_MODULES = YES;
				CLANG_ENABLE_OBJC_ARC = YES;
				CLANG_ENABLE_OBJC_WEAK = YES;
				CLANG_WARN_BLOCK_CAPTURE_AUTORELEASING = YES;
				CLANG_WARN_BOOL_CONVERSION = YES;
				CLANG_WARN_COMMA = YES;
				CLANG_WARN_CONSTANT_CONVERSION = YES;
				CLANG_WARN_DEPRECATED_OBJC_IMPLEMENTATIONS = YES;
				CLANG_WARN_DIRECT_OBJC_ISA_USAGE = YES_ERROR;
				CLANG_WARN_DOCUMENTATION_COMMENTS = YES;
				CLANG_WARN_EMPTY_BODY = YES;
				CLANG_WARN_ENUM_CONVERSION = YES;
				CLANG_WARN_INFINITE_RECURSION = YES;
				CLANG_WARN_INT_CONVERSION = YES;
				CLANG_WARN_NON_LITERAL_NULL_CONVERSION = YES;
				CLANG_WARN_OBJC_IMPLICIT_RETAIN_SELF = YES;
				CLANG_WARN_OBJC_LITERAL_CONVERSION = YES;
				CLANG_WARN_OBJC_ROOT_CLASS = YES_ERROR;
				CLANG_WARN_QUOTED_INCLUDE_IN_FRAMEWORK_HEADER = YES;
				CLANG_WARN_RANGE_LOOP_ANALYSIS = YES;
				CLANG_WARN_STRICT_PROTOTYPES = YES;
				CLANG_WARN_SUSPICIOUS_MOVE = YES;
				CLANG_WARN_UNGUARDED_AVAILABILITY = YES_AGGRESSIVE;
				CLANG_WARN_UNREACHABLE_CODE = YES;
				CLANG_WARN__DUPLICATE_METHOD_MATCH = YES;
				COPY_PHASE_STRIP = NO;
				DEBUG_INFORMATION_FORMAT = "dwarf-with-dsym";
				ENABLE_NS_ASSERTIONS = NO;
				ENABLE_STRICT_OBJC_MSGSEND = YES;
				GCC_C_LANGUAGE_STANDARD = gnu11;
				GCC_NO_COMMON_BLOCKS = YES;
				GCC_WARN_64_TO_32_BIT_CONVERSION = YES;
				GCC_WARN_ABOUT_RETURN_TYPE = YES_ERROR;
				GCC_WARN_UNDECLARED_SELECTOR = YES;
				GCC_WARN_UNINITIALIZED_AUTOS = YES_AGGRESSIVE;
				GCC_WARN_UNUSED_FUNCTION = YES;
				GCC_WARN_UNUSED_VARIABLE = YES;
				MACOSX_DEPLOYMENT_TARGET = 12.6;
				MTL_ENABLE_DEBUG_INFO = NO;
				MTL_FAST_MATH = YES;
				SDKROOT = macosx;
			};
			name = Release;
		};
		5D51F28529BD196700DA73DA /* Debug */ = {
			isa = XCBuildConfiguration;
			buildSettings = {
				CODE_SIGN_STYLE = Automatic;
				PRODUCT_NAME = "$(TARGET_NAME)";
			};
			name = Debug;
		};
		5D51F28629BD196700DA73DA /* Release */ = {
			isa = XCBuildConfiguration;
			buildSettings = {
				CODE_SIGN_STYLE = Automatic;
				PRODUCT_NAME = "$(TARGET_NAME)";
			};
			name = Release;
		};
/* End XCBuildConfiguration section */

/* Begin XCConfigurationList section */
		5D51F27829BD196700DA73DA /* Build configuration list for PBXProject "p3" */ = {
			isa = XCConfigurationList;
			buildConfigurations = (
				5D51F28229BD196700DA73DA /* Debug */,
				5D51F28329BD196700DA73DA /* Release */,
			);
			defaultConfigurationIsVisible = 0;
			defaultConfigurationName = Release;
		};
		5D51F28429BD196700DA73DA /* Build configuration list for PBXNativeTarget "p3" */ = {
			isa = XCConfigurationList;
			buildConfigurations = (
				5D51F28529BD196700DA73DA /* Debug */,
				5D51F28629BD196700DA73DA /* Release */,
			);
			defaultConfigurationIsVisible = 0;
			defaultConfigurationName = Release;
		};
/* End XCConfigurationList section */
	};
	rootObject = 5D51F27529BD196700DA73DA /* Project object */;
}
