// !$*UTF8*$!
{
	archiveVersion = 1;
	classes = {
	};
	objectVersion = 56;
	objects = {

/* Begin PBXBuildFile section */
		5D873E402986CDC90055BCB8 /* Makefile in Sources */ = {isa = PBXBuildFile; fileRef = 5D873E3C2986CDC90055BCB8 /* Makefile */; };
		5D873E412986CDC90055BCB8 /* assembler.c in Sources */ = {isa = PBXBuildFile; fileRef = 5D873E3E2986CDC90055BCB8 /* assembler.c */; };
/* End PBXBuildFile section */

/* Begin PBXCopyFilesBuildPhase section */
		5D873E302986CD8A0055BCB8 /* CopyFiles */ = {
			isa = PBXCopyFilesBuildPhase;
			buildActionMask = 2147483647;
			dstPath = /usr/share/man/man1/;
			dstSubfolderSpec = 0;
			files = (
			);
			runOnlyForDeploymentPostprocessing = 1;
		};
/* End PBXCopyFilesBuildPhase section */

/* Begin PBXFileReference section */
		5D34ED252991C1DF005AAC8E /* hw2gw.s */ = {isa = PBXFileReference; fileEncoding = 4; lastKnownFileType = sourcecode.asm; path = hw2gw.s; sourceTree = "<group>"; };
		5D34ED282991F707005AAC8E /* combination.s */ = {isa = PBXFileReference; fileEncoding = 4; lastKnownFileType = sourcecode.asm; path = combination.s; sourceTree = "<group>"; };
		5D873E322986CD8A0055BCB8 /* p1_a */ = {isa = PBXFileReference; explicitFileType = "compiled.mach-o.executable"; includeInIndex = 0; path = p1_a; sourceTree = BUILT_PRODUCTS_DIR; };
		5D873E3C2986CDC90055BCB8 /* Makefile */ = {isa = PBXFileReference; fileEncoding = 4; lastKnownFileType = sourcecode.make; path = Makefile; sourceTree = "<group>"; };
		5D873E3E2986CDC90055BCB8 /* assembler.c */ = {isa = PBXFileReference; fileEncoding = 4; lastKnownFileType = sourcecode.c.c; path = assembler.c; sourceTree = "<group>"; };
		5D873E3F2986CDC90055BCB8 /* spec.mc.correct */ = {isa = PBXFileReference; fileEncoding = 4; lastKnownFileType = text; path = spec.mc.correct; sourceTree = "<group>"; };
		5D873E422986CDEC0055BCB8 /* spec.s */ = {isa = PBXFileReference; fileEncoding = 4; lastKnownFileType = sourcecode.asm; path = spec.s; sourceTree = "<group>"; };
		5D873E64298831580055BCB8 /* spec.mc copy */ = {isa = PBXFileReference; fileEncoding = 4; lastKnownFileType = text; path = "spec.mc copy"; sourceTree = "<group>"; };
		5D873E6729883B9A0055BCB8 /* test1s.s */ = {isa = PBXFileReference; fileEncoding = 4; lastKnownFileType = sourcecode.asm; path = test1s.s; sourceTree = "<group>"; };
		5D873E6D2989BCA30055BCB8 /* test2s.as */ = {isa = PBXFileReference; fileEncoding = 4; lastKnownFileType = text; path = test2s.as; sourceTree = "<group>"; };
		5D873E70298A99F70055BCB8 /* mult.s */ = {isa = PBXFileReference; fileEncoding = 4; lastKnownFileType = sourcecode.asm; path = mult.s; sourceTree = "<group>"; };
		5D873E72298AC3040055BCB8 /* test3s.s */ = {isa = PBXFileReference; fileEncoding = 4; lastKnownFileType = sourcecode.asm; path = test3s.s; sourceTree = "<group>"; };
		5DD26D932B6945E5001A82EA /* test.s */ = {isa = PBXFileReference; lastKnownFileType = sourcecode.asm; path = test.s; sourceTree = "<group>"; };
/* End PBXFileReference section */

/* Begin PBXFrameworksBuildPhase section */
		5D873E2F2986CD8A0055BCB8 /* Frameworks */ = {
			isa = PBXFrameworksBuildPhase;
			buildActionMask = 2147483647;
			files = (
			);
			runOnlyForDeploymentPostprocessing = 0;
		};
/* End PBXFrameworksBuildPhase section */

/* Begin PBXGroup section */
		5D873E292986CD8A0055BCB8 = {
			isa = PBXGroup;
			children = (
				5DD26D932B6945E5001A82EA /* test.s */,
				5D873E72298AC3040055BCB8 /* test3s.s */,
				5D34ED282991F707005AAC8E /* combination.s */,
				5D34ED252991C1DF005AAC8E /* hw2gw.s */,
				5D873E70298A99F70055BCB8 /* mult.s */,
				5D873E6D2989BCA30055BCB8 /* test2s.as */,
				5D873E6729883B9A0055BCB8 /* test1s.s */,
				5D873E64298831580055BCB8 /* spec.mc copy */,
				5D873E422986CDEC0055BCB8 /* spec.s */,
				5D873E3E2986CDC90055BCB8 /* assembler.c */,
				5D873E3C2986CDC90055BCB8 /* Makefile */,
				5D873E3F2986CDC90055BCB8 /* spec.mc.correct */,
				5D873E332986CD8A0055BCB8 /* Products */,
			);
			sourceTree = "<group>";
		};
		5D873E332986CD8A0055BCB8 /* Products */ = {
			isa = PBXGroup;
			children = (
				5D873E322986CD8A0055BCB8 /* p1_a */,
			);
			name = Products;
			sourceTree = "<group>";
		};
/* End PBXGroup section */

/* Begin PBXNativeTarget section */
		5D873E312986CD8A0055BCB8 /* p1_a */ = {
			isa = PBXNativeTarget;
			buildConfigurationList = 5D873E392986CD8A0055BCB8 /* Build configuration list for PBXNativeTarget "p1_a" */;
			buildPhases = (
				5D873E2E2986CD8A0055BCB8 /* Sources */,
				5D873E2F2986CD8A0055BCB8 /* Frameworks */,
				5D873E302986CD8A0055BCB8 /* CopyFiles */,
			);
			buildRules = (
			);
			dependencies = (
			);
			name = p1_a;
			productName = p1_a;
			productReference = 5D873E322986CD8A0055BCB8 /* p1_a */;
			productType = "com.apple.product-type.tool";
		};
/* End PBXNativeTarget section */

/* Begin PBXProject section */
		5D873E2A2986CD8A0055BCB8 /* Project object */ = {
			isa = PBXProject;
			attributes = {
				BuildIndependentTargetsInParallel = 1;
				LastUpgradeCheck = 1420;
				TargetAttributes = {
					5D873E312986CD8A0055BCB8 = {
						CreatedOnToolsVersion = 14.2;
					};
				};
			};
			buildConfigurationList = 5D873E2D2986CD8A0055BCB8 /* Build configuration list for PBXProject "p1_a" */;
			compatibilityVersion = "Xcode 14.0";
			developmentRegion = en;
			hasScannedForEncodings = 0;
			knownRegions = (
				en,
				Base,
			);
			mainGroup = 5D873E292986CD8A0055BCB8;
			productRefGroup = 5D873E332986CD8A0055BCB8 /* Products */;
			projectDirPath = "";
			projectRoot = "";
			targets = (
				5D873E312986CD8A0055BCB8 /* p1_a */,
			);
		};
/* End PBXProject section */

/* Begin PBXSourcesBuildPhase section */
		5D873E2E2986CD8A0055BCB8 /* Sources */ = {
			isa = PBXSourcesBuildPhase;
			buildActionMask = 2147483647;
			files = (
				5D873E412986CDC90055BCB8 /* assembler.c in Sources */,
				5D873E402986CDC90055BCB8 /* Makefile in Sources */,
			);
			runOnlyForDeploymentPostprocessing = 0;
		};
/* End PBXSourcesBuildPhase section */

/* Begin XCBuildConfiguration section */
		5D873E372986CD8A0055BCB8 /* Debug */ = {
			isa = XCBuildConfiguration;
			buildSettings = {
				ALWAYS_SEARCH_USER_PATHS = NO;
				CLANG_ANALYZER_NONNULL = YES;
				CLANG_ANALYZER_NUMBER_OBJECT_CONVERSION = YES_AGGRESSIVE;
				CLANG_CXX_LANGUAGE_STANDARD = "gnu++20";
				CLANG_ENABLE_MODULES = YES;
				CLANG_ENABLE_OBJC_ARC = YES;
				CLANG_ENABLE_OBJC_WEAK = YES;
				CLANG_WARN_BLOCK_CAPTURE_AUTORELEASING = YES;
				CLANG_WARN_BOOL_CONVERSION = YES;
				CLANG_WARN_COMMA = YES;
				CLANG_WARN_CONSTANT_CONVERSION = YES;
				CLANG_WARN_DEPRECATED_OBJC_IMPLEMENTATIONS = YES;
				CLANG_WARN_DIRECT_OBJC_ISA_USAGE = YES_ERROR;
				CLANG_WARN_DOCUMENTATION_COMMENTS = YES;
				CLANG_WARN_EMPTY_BODY = YES;
				CLANG_WARN_ENUM_CONVERSION = YES;
				CLANG_WARN_INFINITE_RECURSION = YES;
				CLANG_WARN_INT_CONVERSION = YES;
				CLANG_WARN_NON_LITERAL_NULL_CONVERSION = YES;
				CLANG_WARN_OBJC_IMPLICIT_RETAIN_SELF = YES;
				CLANG_WARN_OBJC_LITERAL_CONVERSION = YES;
				CLANG_WARN_OBJC_ROOT_CLASS = YES_ERROR;
				CLANG_WARN_QUOTED_INCLUDE_IN_FRAMEWORK_HEADER = YES;
				CLANG_WARN_RANGE_LOOP_ANALYSIS = YES;
				CLANG_WARN_STRICT_PROTOTYPES = YES;
				CLANG_WARN_SUSPICIOUS_MOVE = YES;
				CLANG_WARN_UNGUARDED_AVAILABILITY = YES_AGGRESSIVE;
				CLANG_WARN_UNREACHABLE_CODE = YES;
				CLANG_WARN__DUPLICATE_METHOD_MATCH = YES;
				COPY_PHASE_STRIP = NO;
				DEBUG_INFORMATION_FORMAT = dwarf;
				ENABLE_STRICT_OBJC_MSGSEND = YES;
				ENABLE_TESTABILITY = YES;
				GCC_C_LANGUAGE_STANDARD = gnu11;
				GCC_DYNAMIC_NO_PIC = NO;
				GCC_NO_COMMON_BLOCKS = YES;
				GCC_OPTIMIZATION_LEVEL = 0;
				GCC_PREPROCESSOR_DEFINITIONS = (
					"DEBUG=1",
					"$(inherited)",
				);
				GCC_WARN_64_TO_32_BIT_CONVERSION = YES;
				GCC_WARN_ABOUT_RETURN_TYPE = YES_ERROR;
				GCC_WARN_UNDECLARED_SELECTOR = YES;
				GCC_WARN_UNINITIALIZED_AUTOS = YES_AGGRESSIVE;
				GCC_WARN_UNUSED_FUNCTION = YES;
				GCC_WARN_UNUSED_VARIABLE = YES;
				MACOSX_DEPLOYMENT_TARGET = 12.6;
				MTL_ENABLE_DEBUG_INFO = INCLUDE_SOURCE;
				MTL_FAST_MATH = YES;
				ONLY_ACTIVE_ARCH = YES;
				SDKROOT = macosx;
			};
			name = Debug;
		};
		5D873E382986CD8A0055BCB8 /* Release */ = {
			isa = XCBuildConfiguration;
			buildSettings = {
				ALWAYS_SEARCH_USER_PATHS = NO;
				CLANG_ANALYZER_NONNULL = YES;
				CLANG_ANALYZER_NUMBER_OBJECT_CONVERSION = YES_AGGRESSIVE;
				CLANG_CXX_LANGUAGE_STANDARD = "gnu++20";
				CLANG_ENABLE_MODULES = YES;
				CLANG_ENABLE_OBJC_ARC = YES;
				CLANG_ENABLE_OBJC_WEAK = YES;
				CLANG_WARN_BLOCK_CAPTURE_AUTORELEASING = YES;
				CLANG_WARN_BOOL_CONVERSION = YES;
				CLANG_WARN_COMMA = YES;
				CLANG_WARN_CONSTANT_CONVERSION = YES;
				CLANG_WARN_DEPRECATED_OBJC_IMPLEMENTATIONS = YES;
				CLANG_WARN_DIRECT_OBJC_ISA_USAGE = YES_ERROR;
				CLANG_WARN_DOCUMENTATION_COMMENTS = YES;
				CLANG_WARN_EMPTY_BODY = YES;
				CLANG_WARN_ENUM_CONVERSION = YES;
				CLANG_WARN_INFINITE_RECURSION = YES;
				CLANG_WARN_INT_CONVERSION = YES;
				CLANG_WARN_NON_LITERAL_NULL_CONVERSION = YES;
				CLANG_WARN_OBJC_IMPLICIT_RETAIN_SELF = YES;
				CLANG_WARN_OBJC_LITERAL_CONVERSION = YES;
				CLANG_WARN_OBJC_ROOT_CLASS = YES_ERROR;
				CLANG_WARN_QUOTED_INCLUDE_IN_FRAMEWORK_HEADER = YES;
				CLANG_WARN_RANGE_LOOP_ANALYSIS = YES;
				CLANG_WARN_STRICT_PROTOTYPES = YES;
				CLANG_WARN_SUSPICIOUS_MOVE = YES;
				CLANG_WARN_UNGUARDED_AVAILABILITY = YES_AGGRESSIVE;
				CLANG_WARN_UNREACHABLE_CODE = YES;
				CLANG_WARN__DUPLICATE_METHOD_MATCH = YES;
				COPY_PHASE_STRIP = NO;
				DEBUG_INFORMATION_FORMAT = "dwarf-with-dsym";
				ENABLE_NS_ASSERTIONS = NO;
				ENABLE_STRICT_OBJC_MSGSEND = YES;
				GCC_C_LANGUAGE_STANDARD = gnu11;
				GCC_NO_COMMON_BLOCKS = YES;
				GCC_WARN_64_TO_32_BIT_CONVERSION = YES;
				GCC_WARN_ABOUT_RETURN_TYPE = YES_ERROR;
				GCC_WARN_UNDECLARED_SELECTOR = YES;
				GCC_WARN_UNINITIALIZED_AUTOS = YES_AGGRESSIVE;
				GCC_WARN_UNUSED_FUNCTION = YES;
				GCC_WARN_UNUSED_VARIABLE = YES;
				MACOSX_DEPLOYMENT_TARGET = 12.6;
				MTL_ENABLE_DEBUG_INFO = NO;
				MTL_FAST_MATH = YES;
				SDKROOT = macosx;
			};
			name = Release;
		};
		5D873E3A2986CD8A0055BCB8 /* Debug */ = {
			isa = XCBuildConfiguration;
			buildSettings = {
				CODE_SIGN_STYLE = Automatic;
				PRODUCT_NAME = "$(TARGET_NAME)";
			};
			name = Debug;
		};
		5D873E3B2986CD8A0055BCB8 /* Release */ = {
			isa = XCBuildConfiguration;
			buildSettings = {
				CODE_SIGN_STYLE = Automatic;
				PRODUCT_NAME = "$(TARGET_NAME)";
			};
			name = Release;
		};
/* End XCBuildConfiguration section */

/* Begin XCConfigurationList section */
		5D873E2D2986CD8A0055BCB8 /* Build configuration list for PBXProject "p1_a" */ = {
			isa = XCConfigurationList;
			buildConfigurations = (
				5D873E372986CD8A0055BCB8 /* Debug */,
				5D873E382986CD8A0055BCB8 /* Release */,
			);
			defaultConfigurationIsVisible = 0;
			defaultConfigurationName = Release;
		};
		5D873E392986CD8A0055BCB8 /* Build configuration list for PBXNativeTarget "p1_a" */ = {
			isa = XCConfigurationList;
			buildConfigurations = (
				5D873E3A2986CD8A0055BCB8 /* Debug */,
				5D873E3B2986CD8A0055BCB8 /* Release */,
			);
			defaultConfigurationIsVisible = 0;
			defaultConfigurationName = Release;
		};
/* End XCConfigurationList section */
	};
	rootObject = 5D873E2A2986CD8A0055BCB8 /* Project object */;
}
