// !$*UTF8*$!
{
	archiveVersion = 1;
	classes = {
	};
	objectVersion = 56;
	objects = {

/* Begin PBXBuildFile section */
		5D873E5C2986D1220055BCB8 /* Makefile in Sources */ = {isa = PBXBuildFile; fileRef = 5D873E582986D1220055BCB8 /* Makefile */; };
		5D873E5F298829C90055BCB8 /* simulator.c in Sources */ = {isa = PBXBuildFile; fileRef = 5D873E5E298731730055BCB8 /* simulator.c */; };
/* End PBXBuildFile section */

/* Begin PBXCopyFilesBuildPhase section */
		5D873E4C2986D0190055BCB8 /* CopyFiles */ = {
			isa = PBXCopyFilesBuildPhase;
			buildActionMask = 2147483647;
			dstPath = /usr/share/man/man1/;
			dstSubfolderSpec = 0;
			files = (
			);
			runOnlyForDeploymentPostprocessing = 1;
		};
/* End PBXCopyFilesBuildPhase section */

/* Begin PBXFileReference section */
		5D34ED272991E079005AAC8E /* hw2mc.mc */ = {isa = PBXFileReference; lastKnownFileType = text; path = hw2mc.mc; sourceTree = "<group>"; };
		5D873E4E2986D0190055BCB8 /* p1_s */ = {isa = PBXFileReference; explicitFileType = "compiled.mach-o.executable"; includeInIndex = 0; path = p1_s; sourceTree = BUILT_PRODUCTS_DIR; };
		5D873E582986D1220055BCB8 /* Makefile */ = {isa = PBXFileReference; fileEncoding = 4; lastKnownFileType = sourcecode.make; path = Makefile; sourceTree = "<group>"; };
		5D873E592986D1220055BCB8 /* spec.mc */ = {isa = PBXFileReference; fileEncoding = 4; lastKnownFileType = text; path = spec.mc; sourceTree = "<group>"; };
		5D873E5B2986D1220055BCB8 /* spec.out.correct */ = {isa = PBXFileReference; fileEncoding = 4; lastKnownFileType = text; path = spec.out.correct; sourceTree = "<group>"; };
		5D873E5E298731730055BCB8 /* simulator.c */ = {isa = PBXFileReference; lastKnownFileType = sourcecode.c.c; path = simulator.c; sourceTree = "<group>"; };
		5D873E66298831990055BCB8 /* test1.mc */ = {isa = PBXFileReference; lastKnownFileType = text; path = test1.mc; sourceTree = "<group>"; };
		5D873E6B29883E260055BCB8 /* test2.mc */ = {isa = PBXFileReference; lastKnownFileType = text; path = test2.mc; sourceTree = "<group>"; };
		5D873E6F2989C57B0055BCB8 /* 1m.mc */ = {isa = PBXFileReference; lastKnownFileType = text; path = 1m.mc; sourceTree = "<group>"; };
/* End PBXFileReference section */

/* Begin PBXFrameworksBuildPhase section */
		5D873E4B2986D0190055BCB8 /* Frameworks */ = {
			isa = PBXFrameworksBuildPhase;
			buildActionMask = 2147483647;
			files = (
			);
			runOnlyForDeploymentPostprocessing = 0;
		};
/* End PBXFrameworksBuildPhase section */

/* Begin PBXGroup section */
		5D873E452986D0190055BCB8 = {
			isa = PBXGroup;
			children = (
				5D34ED272991E079005AAC8E /* hw2mc.mc */,
				5D873E6F2989C57B0055BCB8 /* 1m.mc */,
				5D873E6B29883E260055BCB8 /* test2.mc */,
				5D873E66298831990055BCB8 /* test1.mc */,
				5D873E5E298731730055BCB8 /* simulator.c */,
				5D873E582986D1220055BCB8 /* Makefile */,
				5D873E592986D1220055BCB8 /* spec.mc */,
				5D873E5B2986D1220055BCB8 /* spec.out.correct */,
				5D873E4F2986D0190055BCB8 /* Products */,
			);
			sourceTree = "<group>";
		};
		5D873E4F2986D0190055BCB8 /* Products */ = {
			isa = PBXGroup;
			children = (
				5D873E4E2986D0190055BCB8 /* p1_s */,
			);
			name = Products;
			sourceTree = "<group>";
		};
/* End PBXGroup section */

/* Begin PBXNativeTarget section */
		5D873E4D2986D0190055BCB8 /* p1_s */ = {
			isa = PBXNativeTarget;
			buildConfigurationList = 5D873E552986D0190055BCB8 /* Build configuration list for PBXNativeTarget "p1_s" */;
			buildPhases = (
				5D873E4A2986D0190055BCB8 /* Sources */,
				5D873E4B2986D0190055BCB8 /* Frameworks */,
				5D873E4C2986D0190055BCB8 /* CopyFiles */,
			);
			buildRules = (
			);
			dependencies = (
			);
			name = p1_s;
			productName = p1_s;
			productReference = 5D873E4E2986D0190055BCB8 /* p1_s */;
			productType = "com.apple.product-type.tool";
		};
/* End PBXNativeTarget section */

/* Begin PBXProject section */
		5D873E462986D0190055BCB8 /* Project object */ = {
			isa = PBXProject;
			attributes = {
				BuildIndependentTargetsInParallel = 1;
				LastUpgradeCheck = 1420;
				TargetAttributes = {
					5D873E4D2986D0190055BCB8 = {
						CreatedOnToolsVersion = 14.2;
					};
				};
			};
			buildConfigurationList = 5D873E492986D0190055BCB8 /* Build configuration list for PBXProject "p1_s" */;
			compatibilityVersion = "Xcode 14.0";
			developmentRegion = en;
			hasScannedForEncodings = 0;
			knownRegions = (
				en,
				Base,
			);
			mainGroup = 5D873E452986D0190055BCB8;
			productRefGroup = 5D873E4F2986D0190055BCB8 /* Products */;
			projectDirPath = "";
			projectRoot = "";
			targets = (
				5D873E4D2986D0190055BCB8 /* p1_s */,
			);
		};
/* End PBXProject section */

/* Begin PBXSourcesBuildPhase section */
		5D873E4A2986D0190055BCB8 /* Sources */ = {
			isa = PBXSourcesBuildPhase;
			buildActionMask = 2147483647;
			files = (
				5D873E5F298829C90055BCB8 /* simulator.c in Sources */,
				5D873E5C2986D1220055BCB8 /* Makefile in Sources */,
			);
			runOnlyForDeploymentPostprocessing = 0;
		};
/* End PBXSourcesBuildPhase section */

/* Begin XCBuildConfiguration section */
		5D873E532986D0190055BCB8 /* Debug */ = {
			isa = XCBuildConfiguration;
			buildSettings = {
				ALWAYS_SEARCH_USER_PATHS = NO;
				CLANG_ANALYZER_NONNULL = YES;
				CLANG_ANALYZER_NUMBER_OBJECT_CONVERSION = YES_AGGRESSIVE;
				CLANG_CXX_LANGUAGE_STANDARD = "gnu++20";
				CLANG_ENABLE_MODULES = YES;
				CLANG_ENABLE_OBJC_ARC = YES;
				CLANG_ENABLE_OBJC_WEAK = YES;
				CLANG_WARN_BLOCK_CAPTURE_AUTORELEASING = YES;
				CLANG_WARN_BOOL_CONVERSION = YES;
				CLANG_WARN_COMMA = YES;
				CLANG_WARN_CONSTANT_CONVERSION = YES;
				CLANG_WARN_DEPRECATED_OBJC_IMPLEMENTATIONS = YES;
				CLANG_WARN_DIRECT_OBJC_ISA_USAGE = YES_ERROR;
				CLANG_WARN_DOCUMENTATION_COMMENTS = YES;
				CLANG_WARN_EMPTY_BODY = YES;
				CLANG_WARN_ENUM_CONVERSION = YES;
				CLANG_WARN_INFINITE_RECURSION = YES;
				CLANG_WARN_INT_CONVERSION = YES;
				CLANG_WARN_NON_LITERAL_NULL_CONVERSION = YES;
				CLANG_WARN_OBJC_IMPLICIT_RETAIN_SELF = YES;
				CLANG_WARN_OBJC_LITERAL_CONVERSION = YES;
				CLANG_WARN_OBJC_ROOT_CLASS = YES_ERROR;
				CLANG_WARN_QUOTED_INCLUDE_IN_FRAMEWORK_HEADER = YES;
				CLANG_WARN_RANGE_LOOP_ANALYSIS = YES;
				CLANG_WARN_STRICT_PROTOTYPES = YES;
				CLANG_WARN_SUSPICIOUS_MOVE = YES;
				CLANG_WARN_UNGUARDED_AVAILABILITY = YES_AGGRESSIVE;
				CLANG_WARN_UNREACHABLE_CODE = YES;
				CLANG_WARN__DUPLICATE_METHOD_MATCH = YES;
				COPY_PHASE_STRIP = NO;
				DEBUG_INFORMATION_FORMAT = dwarf;
				ENABLE_STRICT_OBJC_MSGSEND = YES;
				ENABLE_TESTABILITY = YES;
				GCC_C_LANGUAGE_STANDARD = gnu11;
				GCC_DYNAMIC_NO_PIC = NO;
				GCC_NO_COMMON_BLOCKS = YES;
				GCC_OPTIMIZATION_LEVEL = 0;
				GCC_PREPROCESSOR_DEFINITIONS = (
					"DEBUG=1",
					"$(inherited)",
				);
				GCC_WARN_64_TO_32_BIT_CONVERSION = YES;
				GCC_WARN_ABOUT_RETURN_TYPE = YES_ERROR;
				GCC_WARN_UNDECLARED_SELECTOR = YES;
				GCC_WARN_UNINITIALIZED_AUTOS = YES_AGGRESSIVE;
				GCC_WARN_UNUSED_FUNCTION = YES;
				GCC_WARN_UNUSED_VARIABLE = YES;
				MACOSX_DEPLOYMENT_TARGET = 12.6;
				MTL_ENABLE_DEBUG_INFO = INCLUDE_SOURCE;
				MTL_FAST_MATH = YES;
				ONLY_ACTIVE_ARCH = YES;
				SDKROOT = macosx;
			};
			name = Debug;
		};
		5D873E542986D0190055BCB8 /* Release */ = {
			isa = XCBuildConfiguration;
			buildSettings = {
				ALWAYS_SEARCH_USER_PATHS = NO;
				CLANG_ANALYZER_NONNULL = YES;
				CLANG_ANALYZER_NUMBER_OBJECT_CONVERSION = YES_AGGRESSIVE;
				CLANG_CXX_LANGUAGE_STANDARD = "gnu++20";
				CLANG_ENABLE_MODULES = YES;
				CLANG_ENABLE_OBJC_ARC = YES;
				CLANG_ENABLE_OBJC_WEAK = YES;
				CLANG_WARN_BLOCK_CAPTURE_AUTORELEASING = YES;
				CLANG_WARN_BOOL_CONVERSION = YES;
				CLANG_WARN_COMMA = YES;
				CLANG_WARN_CONSTANT_CONVERSION = YES;
				CLANG_WARN_DEPRECATED_OBJC_IMPLEMENTATIONS = YES;
				CLANG_WARN_DIRECT_OBJC_ISA_USAGE = YES_ERROR;
				CLANG_WARN_DOCUMENTATION_COMMENTS = YES;
				CLANG_WARN_EMPTY_BODY = YES;
				CLANG_WARN_ENUM_CONVERSION = YES;
				CLANG_WARN_INFINITE_RECURSION = YES;
				CLANG_WARN_INT_CONVERSION = YES;
				CLANG_WARN_NON_LITERAL_NULL_CONVERSION = YES;
				CLANG_WARN_OBJC_IMPLICIT_RETAIN_SELF = YES;
				CLANG_WARN_OBJC_LITERAL_CONVERSION = YES;
				CLANG_WARN_OBJC_ROOT_CLASS = YES_ERROR;
				CLANG_WARN_QUOTED_INCLUDE_IN_FRAMEWORK_HEADER = YES;
				CLANG_WARN_RANGE_LOOP_ANALYSIS = YES;
				CLANG_WARN_STRICT_PROTOTYPES = YES;
				CLANG_WARN_SUSPICIOUS_MOVE = YES;
				CLANG_WARN_UNGUARDED_AVAILABILITY = YES_AGGRESSIVE;
				CLANG_WARN_UNREACHABLE_CODE = YES;
				CLANG_WARN__DUPLICATE_METHOD_MATCH = YES;
				COPY_PHASE_STRIP = NO;
				DEBUG_INFORMATION_FORMAT = "dwarf-with-dsym";
				ENABLE_NS_ASSERTIONS = NO;
				ENABLE_STRICT_OBJC_MSGSEND = YES;
				GCC_C_LANGUAGE_STANDARD = gnu11;
				GCC_NO_COMMON_BLOCKS = YES;
				GCC_WARN_64_TO_32_BIT_CONVERSION = YES;
				GCC_WARN_ABOUT_RETURN_TYPE = YES_ERROR;
				GCC_WARN_UNDECLARED_SELECTOR = YES;
				GCC_WARN_UNINITIALIZED_AUTOS = YES_AGGRESSIVE;
				GCC_WARN_UNUSED_FUNCTION = YES;
				GCC_WARN_UNUSED_VARIABLE = YES;
				MACOSX_DEPLOYMENT_TARGET = 12.6;
				MTL_ENABLE_DEBUG_INFO = NO;
				MTL_FAST_MATH = YES;
				SDKROOT = macosx;
			};
			name = Release;
		};
		5D873E562986D0190055BCB8 /* Debug */ = {
			isa = XCBuildConfiguration;
			buildSettings = {
				CODE_SIGN_STYLE = Automatic;
				PRODUCT_NAME = "$(TARGET_NAME)";
			};
			name = Debug;
		};
		5D873E572986D0190055BCB8 /* Release */ = {
			isa = XCBuildConfiguration;
			buildSettings = {
				CODE_SIGN_STYLE = Automatic;
				PRODUCT_NAME = "$(TARGET_NAME)";
			};
			name = Release;
		};
/* End XCBuildConfiguration section */

/* Begin XCConfigurationList section */
		5D873E492986D0190055BCB8 /* Build configuration list for PBXProject "p1_s" */ = {
			isa = XCConfigurationList;
			buildConfigurations = (
				5D873E532986D0190055BCB8 /* Debug */,
				5D873E542986D0190055BCB8 /* Release */,
			);
			defaultConfigurationIsVisible = 0;
			defaultConfigurationName = Release;
		};
		5D873E552986D0190055BCB8 /* Build configuration list for PBXNativeTarget "p1_s" */ = {
			isa = XCConfigurationList;
			buildConfigurations = (
				5D873E562986D0190055BCB8 /* Debug */,
				5D873E572986D0190055BCB8 /* Release */,
			);
			defaultConfigurationIsVisible = 0;
			defaultConfigurationName = Release;
		};
/* End XCConfigurationList section */
	};
	rootObject = 5D873E462986D0190055BCB8 /* Project object */;
}
