// !$*UTF8*$!
{
	archiveVersion = 1;
	classes = {
	};
	objectVersion = 55;
	objects = {

/* Begin PBXBuildFile section */
		5D05A6FC27EE5F85003EF798 /* List_tests.cpp in Sources */ = {isa = PBXBuildFile; fileRef = 5D74932927E1102B00E14CFA /* List_tests.cpp */; };
		5D74932D27E1102B00E14CFA /* Makefile in Sources */ = {isa = PBXBuildFile; fileRef = 5D74931927E1102B00E14CFA /* Makefile */; };
		5D74933127E110F600E14CFA /* List.h in Sources */ = {isa = PBXBuildFile; fileRef = 5D74932127E1102B00E14CFA /* List.h */; };
/* End PBXBuildFile section */

/* Begin PBXCopyFilesBuildPhase section */
		5D74930827E10F4500E14CFA /* CopyFiles */ = {
			isa = PBXCopyFilesBuildPhase;
			buildActionMask = 2147483647;
			dstPath = /usr/share/man/man1/;
			dstSubfolderSpec = 0;
			files = (
			);
			runOnlyForDeploymentPostprocessing = 1;
		};
/* End PBXCopyFilesBuildPhase section */

/* Begin PBXFileReference section */
		5D74930A27E10F4500E14CFA /* p4-web */ = {isa = PBXFileReference; explicitFileType = "compiled.mach-o.executable"; includeInIndex = 0; path = "p4-web"; sourceTree = BUILT_PRODUCTS_DIR; };
		5D74931427E1102A00E14CFA /* api.cpp */ = {isa = PBXFileReference; fileEncoding = 4; lastKnownFileType = sourcecode.cpp.cpp; name = api.cpp; path = ../api.cpp; sourceTree = "<group>"; };
		5D74931527E1102A00E14CFA /* test02.in */ = {isa = PBXFileReference; fileEncoding = 4; lastKnownFileType = text; name = test02.in; path = ../test02.in; sourceTree = "<group>"; };
		5D74931727E1102B00E14CFA /* index.css */ = {isa = PBXFileReference; fileEncoding = 4; lastKnownFileType = text.css; name = index.css; path = ../index.css; sourceTree = "<group>"; };
		5D74931827E1102B00E14CFA /* test01.in */ = {isa = PBXFileReference; fileEncoding = 4; lastKnownFileType = text; name = test01.in; path = ../test01.in; sourceTree = "<group>"; };
		5D74931927E1102B00E14CFA /* Makefile */ = {isa = PBXFileReference; fileEncoding = 4; lastKnownFileType = sourcecode.make; name = Makefile; path = ../Makefile; sourceTree = "<group>"; };
		5D74931A27E1102B00E14CFA /* json.hpp */ = {isa = PBXFileReference; fileEncoding = 4; lastKnownFileType = sourcecode.cpp.h; name = json.hpp; path = ../json.hpp; sourceTree = "<group>"; };
		5D74931B27E1102B00E14CFA /* test03.out.correct */ = {isa = PBXFileReference; fileEncoding = 4; lastKnownFileType = text; name = test03.out.correct; path = ../test03.out.correct; sourceTree = "<group>"; };
		5D74931C27E1102B00E14CFA /* public_error01.in */ = {isa = PBXFileReference; fileEncoding = 4; lastKnownFileType = text; name = public_error01.in; path = ../public_error01.in; sourceTree = "<group>"; };
		5D74931D27E1102B00E14CFA /* test03.in */ = {isa = PBXFileReference; fileEncoding = 4; lastKnownFileType = text; name = test03.in; path = ../test03.in; sourceTree = "<group>"; };
		5D74931E27E1102B00E14CFA /* server.py */ = {isa = PBXFileReference; fileEncoding = 4; lastKnownFileType = text.script.python; name = server.py; path = ../server.py; sourceTree = "<group>"; };
		5D74931F27E1102B00E14CFA /* List_compile_check.cpp */ = {isa = PBXFileReference; fileEncoding = 4; lastKnownFileType = sourcecode.cpp.cpp; name = List_compile_check.cpp; path = ../List_compile_check.cpp; sourceTree = "<group>"; };
		5D74932027E1102B00E14CFA /* test05.in */ = {isa = PBXFileReference; fileEncoding = 4; lastKnownFileType = text; name = test05.in; path = ../test05.in; sourceTree = "<group>"; };
		5D74932127E1102B00E14CFA /* List.h */ = {isa = PBXFileReference; fileEncoding = 4; lastKnownFileType = sourcecode.c.h; name = List.h; path = ../List.h; sourceTree = "<group>"; };
		5D74932227E1102B00E14CFA /* public_error01.out.correct */ = {isa = PBXFileReference; fileEncoding = 4; lastKnownFileType = text; name = public_error01.out.correct; path = ../public_error01.out.correct; sourceTree = "<group>"; };
		5D74932327E1102B00E14CFA /* test05.out.correct */ = {isa = PBXFileReference; fileEncoding = 4; lastKnownFileType = text; name = test05.out.correct; path = ../test05.out.correct; sourceTree = "<group>"; };
		5D74932427E1102B00E14CFA /* test01.out.correct */ = {isa = PBXFileReference; fileEncoding = 4; lastKnownFileType = text; name = test01.out.correct; path = ../test01.out.correct; sourceTree = "<group>"; };
		5D74932527E1102B00E14CFA /* test02.out.correct */ = {isa = PBXFileReference; fileEncoding = 4; lastKnownFileType = text; name = test02.out.correct; path = ../test02.out.correct; sourceTree = "<group>"; };
		5D74932627E1102B00E14CFA /* unit_test_framework.h */ = {isa = PBXFileReference; fileEncoding = 4; lastKnownFileType = sourcecode.c.h; name = unit_test_framework.h; path = ../unit_test_framework.h; sourceTree = "<group>"; };
		5D74932727E1102B00E14CFA /* index.html */ = {isa = PBXFileReference; fileEncoding = 4; lastKnownFileType = text.html; name = index.html; path = ../index.html; sourceTree = "<group>"; };
		5D74932827E1102B00E14CFA /* List_public_test.cpp */ = {isa = PBXFileReference; fileEncoding = 4; lastKnownFileType = sourcecode.cpp.cpp; name = List_public_test.cpp; path = ../List_public_test.cpp; sourceTree = "<group>"; };
		5D74932927E1102B00E14CFA /* List_tests.cpp */ = {isa = PBXFileReference; fileEncoding = 4; lastKnownFileType = sourcecode.cpp.cpp; name = List_tests.cpp; path = ../List_tests.cpp; sourceTree = "<group>"; };
		5D74932A27E1102B00E14CFA /* test04.in */ = {isa = PBXFileReference; fileEncoding = 4; lastKnownFileType = text; name = test04.in; path = ../test04.in; sourceTree = "<group>"; };
		5D74932B27E1102B00E14CFA /* test04.out.correct */ = {isa = PBXFileReference; fileEncoding = 4; lastKnownFileType = text; name = test04.out.correct; path = ../test04.out.correct; sourceTree = "<group>"; };
/* End PBXFileReference section */

/* Begin PBXFrameworksBuildPhase section */
		5D74930727E10F4500E14CFA /* Frameworks */ = {
			isa = PBXFrameworksBuildPhase;
			buildActionMask = 2147483647;
			files = (
			);
			runOnlyForDeploymentPostprocessing = 0;
		};
/* End PBXFrameworksBuildPhase section */

/* Begin PBXGroup section */
		5D74930127E10F4500E14CFA = {
			isa = PBXGroup;
			children = (
				5D74931427E1102A00E14CFA /* api.cpp */,
				5D74931727E1102B00E14CFA /* index.css */,
				5D74932727E1102B00E14CFA /* index.html */,
				5D74931A27E1102B00E14CFA /* json.hpp */,
				5D74931F27E1102B00E14CFA /* List_compile_check.cpp */,
				5D74932927E1102B00E14CFA /* List_tests.cpp */,
				5D74932827E1102B00E14CFA /* List_public_test.cpp */,
				5D74932127E1102B00E14CFA /* List.h */,
				5D74931927E1102B00E14CFA /* Makefile */,
				5D74931C27E1102B00E14CFA /* public_error01.in */,
				5D74932227E1102B00E14CFA /* public_error01.out.correct */,
				5D74931E27E1102B00E14CFA /* server.py */,
				5D74931827E1102B00E14CFA /* test01.in */,
				5D74932427E1102B00E14CFA /* test01.out.correct */,
				5D74931527E1102A00E14CFA /* test02.in */,
				5D74932527E1102B00E14CFA /* test02.out.correct */,
				5D74931D27E1102B00E14CFA /* test03.in */,
				5D74931B27E1102B00E14CFA /* test03.out.correct */,
				5D74932A27E1102B00E14CFA /* test04.in */,
				5D74932B27E1102B00E14CFA /* test04.out.correct */,
				5D74932027E1102B00E14CFA /* test05.in */,
				5D74932327E1102B00E14CFA /* test05.out.correct */,
				5D74932627E1102B00E14CFA /* unit_test_framework.h */,
				5D74930B27E10F4500E14CFA /* Products */,
			);
			sourceTree = "<group>";
		};
		5D74930B27E10F4500E14CFA /* Products */ = {
			isa = PBXGroup;
			children = (
				5D74930A27E10F4500E14CFA /* p4-web */,
			);
			name = Products;
			sourceTree = "<group>";
		};
/* End PBXGroup section */

/* Begin PBXNativeTarget section */
		5D74930927E10F4500E14CFA /* p4-web */ = {
			isa = PBXNativeTarget;
			buildConfigurationList = 5D74931127E10F4500E14CFA /* Build configuration list for PBXNativeTarget "p4-web" */;
			buildPhases = (
				5D74930627E10F4500E14CFA /* Sources */,
				5D74930727E10F4500E14CFA /* Frameworks */,
				5D74930827E10F4500E14CFA /* CopyFiles */,
			);
			buildRules = (
			);
			dependencies = (
			);
			name = "p4-web";
			productName = "p4-web";
			productReference = 5D74930A27E10F4500E14CFA /* p4-web */;
			productType = "com.apple.product-type.tool";
		};
/* End PBXNativeTarget section */

/* Begin PBXProject section */
		5D74930227E10F4500E14CFA /* Project object */ = {
			isa = PBXProject;
			attributes = {
				BuildIndependentTargetsInParallel = 1;
				LastUpgradeCheck = 1320;
				TargetAttributes = {
					5D74930927E10F4500E14CFA = {
						CreatedOnToolsVersion = 13.2.1;
					};
				};
			};
			buildConfigurationList = 5D74930527E10F4500E14CFA /* Build configuration list for PBXProject "p4-web" */;
			compatibilityVersion = "Xcode 13.0";
			developmentRegion = en;
			hasScannedForEncodings = 0;
			knownRegions = (
				en,
				Base,
			);
			mainGroup = 5D74930127E10F4500E14CFA;
			productRefGroup = 5D74930B27E10F4500E14CFA /* Products */;
			projectDirPath = "";
			projectRoot = "";
			targets = (
				5D74930927E10F4500E14CFA /* p4-web */,
			);
		};
/* End PBXProject section */

/* Begin PBXSourcesBuildPhase section */
		5D74930627E10F4500E14CFA /* Sources */ = {
			isa = PBXSourcesBuildPhase;
			buildActionMask = 2147483647;
			files = (
				5D05A6FC27EE5F85003EF798 /* List_tests.cpp in Sources */,
				5D74933127E110F600E14CFA /* List.h in Sources */,
				5D74932D27E1102B00E14CFA /* Makefile in Sources */,
			);
			runOnlyForDeploymentPostprocessing = 0;
		};
/* End PBXSourcesBuildPhase section */

/* Begin XCBuildConfiguration section */
		5D74930F27E10F4500E14CFA /* Debug */ = {
			isa = XCBuildConfiguration;
			buildSettings = {
				ALWAYS_SEARCH_USER_PATHS = NO;
				CLANG_ANALYZER_NONNULL = YES;
				CLANG_ANALYZER_NUMBER_OBJECT_CONVERSION = YES_AGGRESSIVE;
				CLANG_CXX_LANGUAGE_STANDARD = "gnu++17";
				CLANG_CXX_LIBRARY = "libc++";
				CLANG_ENABLE_MODULES = YES;
				CLANG_ENABLE_OBJC_ARC = YES;
				CLANG_ENABLE_OBJC_WEAK = YES;
				CLANG_WARN_BLOCK_CAPTURE_AUTORELEASING = YES;
				CLANG_WARN_BOOL_CONVERSION = YES;
				CLANG_WARN_COMMA = YES;
				CLANG_WARN_CONSTANT_CONVERSION = YES;
				CLANG_WARN_DEPRECATED_OBJC_IMPLEMENTATIONS = YES;
				CLANG_WARN_DIRECT_OBJC_ISA_USAGE = YES_ERROR;
				CLANG_WARN_DOCUMENTATION_COMMENTS = YES;
				CLANG_WARN_EMPTY_BODY = YES;
				CLANG_WARN_ENUM_CONVERSION = YES;
				CLANG_WARN_INFINITE_RECURSION = YES;
				CLANG_WARN_INT_CONVERSION = YES;
				CLANG_WARN_NON_LITERAL_NULL_CONVERSION = YES;
				CLANG_WARN_OBJC_IMPLICIT_RETAIN_SELF = YES;
				CLANG_WARN_OBJC_LITERAL_CONVERSION = YES;
				CLANG_WARN_OBJC_ROOT_CLASS = YES_ERROR;
				CLANG_WARN_QUOTED_INCLUDE_IN_FRAMEWORK_HEADER = YES;
				CLANG_WARN_RANGE_LOOP_ANALYSIS = YES;
				CLANG_WARN_STRICT_PROTOTYPES = YES;
				CLANG_WARN_SUSPICIOUS_MOVE = YES;
				CLANG_WARN_UNGUARDED_AVAILABILITY = YES_AGGRESSIVE;
				CLANG_WARN_UNREACHABLE_CODE = YES;
				CLANG_WARN__DUPLICATE_METHOD_MATCH = YES;
				COPY_PHASE_STRIP = NO;
				DEBUG_INFORMATION_FORMAT = dwarf;
				ENABLE_STRICT_OBJC_MSGSEND = YES;
				ENABLE_TESTABILITY = YES;
				GCC_C_LANGUAGE_STANDARD = gnu11;
				GCC_DYNAMIC_NO_PIC = NO;
				GCC_NO_COMMON_BLOCKS = YES;
				GCC_OPTIMIZATION_LEVEL = 0;
				GCC_PREPROCESSOR_DEFINITIONS = (
					"DEBUG=1",
					"$(inherited)",
				);
				GCC_WARN_64_TO_32_BIT_CONVERSION = YES;
				GCC_WARN_ABOUT_RETURN_TYPE = YES_ERROR;
				GCC_WARN_UNDECLARED_SELECTOR = YES;
				GCC_WARN_UNINITIALIZED_AUTOS = YES_AGGRESSIVE;
				GCC_WARN_UNUSED_FUNCTION = YES;
				GCC_WARN_UNUSED_VARIABLE = YES;
				MACOSX_DEPLOYMENT_TARGET = 11.6;
				MTL_ENABLE_DEBUG_INFO = INCLUDE_SOURCE;
				MTL_FAST_MATH = YES;
				ONLY_ACTIVE_ARCH = YES;
				SDKROOT = macosx;
			};
			name = Debug;
		};
		5D74931027E10F4500E14CFA /* Release */ = {
			isa = XCBuildConfiguration;
			buildSettings = {
				ALWAYS_SEARCH_USER_PATHS = NO;
				CLANG_ANALYZER_NONNULL = YES;
				CLANG_ANALYZER_NUMBER_OBJECT_CONVERSION = YES_AGGRESSIVE;
				CLANG_CXX_LANGUAGE_STANDARD = "gnu++17";
				CLANG_CXX_LIBRARY = "libc++";
				CLANG_ENABLE_MODULES = YES;
				CLANG_ENABLE_OBJC_ARC = YES;
				CLANG_ENABLE_OBJC_WEAK = YES;
				CLANG_WARN_BLOCK_CAPTURE_AUTORELEASING = YES;
				CLANG_WARN_BOOL_CONVERSION = YES;
				CLANG_WARN_COMMA = YES;
				CLANG_WARN_CONSTANT_CONVERSION = YES;
				CLANG_WARN_DEPRECATED_OBJC_IMPLEMENTATIONS = YES;
				CLANG_WARN_DIRECT_OBJC_ISA_USAGE = YES_ERROR;
				CLANG_WARN_DOCUMENTATION_COMMENTS = YES;
				CLANG_WARN_EMPTY_BODY = YES;
				CLANG_WARN_ENUM_CONVERSION = YES;
				CLANG_WARN_INFINITE_RECURSION = YES;
				CLANG_WARN_INT_CONVERSION = YES;
				CLANG_WARN_NON_LITERAL_NULL_CONVERSION = YES;
				CLANG_WARN_OBJC_IMPLICIT_RETAIN_SELF = YES;
				CLANG_WARN_OBJC_LITERAL_CONVERSION = YES;
				CLANG_WARN_OBJC_ROOT_CLASS = YES_ERROR;
				CLANG_WARN_QUOTED_INCLUDE_IN_FRAMEWORK_HEADER = YES;
				CLANG_WARN_RANGE_LOOP_ANALYSIS = YES;
				CLANG_WARN_STRICT_PROTOTYPES = YES;
				CLANG_WARN_SUSPICIOUS_MOVE = YES;
				CLANG_WARN_UNGUARDED_AVAILABILITY = YES_AGGRESSIVE;
				CLANG_WARN_UNREACHABLE_CODE = YES;
				CLANG_WARN__DUPLICATE_METHOD_MATCH = YES;
				COPY_PHASE_STRIP = NO;
				DEBUG_INFORMATION_FORMAT = "dwarf-with-dsym";
				ENABLE_NS_ASSERTIONS = NO;
				ENABLE_STRICT_OBJC_MSGSEND = YES;
				GCC_C_LANGUAGE_STANDARD = gnu11;
				GCC_NO_COMMON_BLOCKS = YES;
				GCC_WARN_64_TO_32_BIT_CONVERSION = YES;
				GCC_WARN_ABOUT_RETURN_TYPE = YES_ERROR;
				GCC_WARN_UNDECLARED_SELECTOR = YES;
				GCC_WARN_UNINITIALIZED_AUTOS = YES_AGGRESSIVE;
				GCC_WARN_UNUSED_FUNCTION = YES;
				GCC_WARN_UNUSED_VARIABLE = YES;
				MACOSX_DEPLOYMENT_TARGET = 11.6;
				MTL_ENABLE_DEBUG_INFO = NO;
				MTL_FAST_MATH = YES;
				SDKROOT = macosx;
			};
			name = Release;
		};
		5D74931227E10F4500E14CFA /* Debug */ = {
			isa = XCBuildConfiguration;
			buildSettings = {
				CODE_SIGN_STYLE = Automatic;
				PRODUCT_NAME = "$(TARGET_NAME)";
			};
			name = Debug;
		};
		5D74931327E10F4500E14CFA /* Release */ = {
			isa = XCBuildConfiguration;
			buildSettings = {
				CODE_SIGN_STYLE = Automatic;
				PRODUCT_NAME = "$(TARGET_NAME)";
			};
			name = Release;
		};
/* End XCBuildConfiguration section */

/* Begin XCConfigurationList section */
		5D74930527E10F4500E14CFA /* Build configuration list for PBXProject "p4-web" */ = {
			isa = XCConfigurationList;
			buildConfigurations = (
				5D74930F27E10F4500E14CFA /* Debug */,
				5D74931027E10F4500E14CFA /* Release */,
			);
			defaultConfigurationIsVisible = 0;
			defaultConfigurationName = Release;
		};
		5D74931127E10F4500E14CFA /* Build configuration list for PBXNativeTarget "p4-web" */ = {
			isa = XCConfigurationList;
			buildConfigurations = (
				5D74931227E10F4500E14CFA /* Debug */,
				5D74931327E10F4500E14CFA /* Release */,
			);
			defaultConfigurationIsVisible = 0;
			defaultConfigurationName = Release;
		};
/* End XCConfigurationList section */
	};
	rootObject = 5D74930227E10F4500E14CFA /* Project object */;
}
